LOCK_VERSION=1

COMMONMARK_SPEC_URL=https://github.com/commonmark/commonmark-spec.git
COMMONMARK_SPEC_COMMIT=3da939428d80f146f270cd1765e4ba462e96bb1b

CMARK_URL=https://github.com/commonmark/cmark.git
CMARK_COMMIT=7042d9978b20fea86ca9cc98bda55f10be392e69

COMMONMARK_JS_URL=https://github.com/commonmark/commonmark.js.git
COMMONMARK_JS_COMMIT=f149165c833d3c4877cab3bb0d7f50f898046d68
COMMONMARK_JS_LOCK_SHA256=03af618f01b180c0a8094c5e208342190280cbf91a50a79ce24a052cb606328a

UNICODE_VERSION=17.0.0
UNICODE_DERIVED_GENERAL_CATEGORY_URL=https://www.unicode.org/Public/17.0.0/ucd/extracted/DerivedGeneralCategory.txt
UNICODE_DERIVED_GENERAL_CATEGORY_SHA256=d62e5bab70ca74f099343f71224fa051cb1fdd61a1ab45c0488c44cfc0b6102e
UNICODE_EAST_ASIAN_WIDTH_URL=https://www.unicode.org/Public/17.0.0/ucd/EastAsianWidth.txt
UNICODE_EAST_ASIAN_WIDTH_SHA256=ea7ce50f3444a050333448dffef1cadd9325af55cbb764b4a2280faf52170a33
UNICODE_SCRIPTS_URL=https://www.unicode.org/Public/17.0.0/ucd/Scripts.txt
UNICODE_SCRIPTS_SHA256=9f5e50d3abaee7d6ce09480f325c706f485ae3240912527e651954d2d6b035bf
UNICODE_EMOJI_DATA_URL=https://www.unicode.org/Public/17.0.0/ucd/emoji/emoji-data.txt
UNICODE_EMOJI_DATA_SHA256=2cb2bb9455cda83e8481541ecf5b6dfda66a3bb89efa3fa7c5297eccf607b72b
